
Microsoft Visual Studio Solution File, Format Version 12.00
# Visual Studio 15
Project("{FAE04EC0-301F-11D3-BF4B-00C04F79EFBC}") = "VuforiaScripts", "VuforiaScripts.csproj", "{02B6CEF9-FB49-50F8-F2B6-E093E4E74B8B}"
EndProject
Project("{FAE04EC0-301F-11D3-BF4B-00C04F79EFBC}") = "VuforiaEditorScripts", "VuforiaEditorScripts.csproj", "{1A065291-EE8C-2298-5C47-5FA8E5D39FDC}"
EndProject
Global
	GlobalSection(SolutionConfigurationPlatforms) = preSolution
		Debug|Any CPU = Debug|Any CPU
		Release|Any CPU = Release|Any CPU
	EndGlobalSection
	GlobalSection(ProjectConfigurationPlatforms) = postSolution
		{02B6CEF9-FB49-50F8-F2B6-E093E4E74B8B}.Debug|Any CPU.ActiveCfg = Debug|Any CPU
		{02B6CEF9-FB49-50F8-F2B6-E093E4E74B8B}.Debug|Any CPU.Build.0 = Debug|Any CPU
		{02B6CEF9-FB49-50F8-F2B6-E093E4E74B8B}.Release|Any CPU.ActiveCfg = Release|Any CPU
		{02B6CEF9-FB49-50F8-F2B6-E093E4E74B8B}.Release|Any CPU.Build.0 = Release|Any CPU
		{1A065291-EE8C-2298-5C47-5FA8E5D39FDC}.Debug|Any CPU.ActiveCfg = Debug|Any CPU
		{1A065291-EE8C-2298-5C47-5FA8E5D39FDC}.Debug|Any CPU.Build.0 = Debug|Any CPU
		{1A065291-EE8C-2298-5C47-5FA8E5D39FDC}.Release|Any CPU.ActiveCfg = Release|Any CPU
		{1A065291-EE8C-2298-5C47-5FA8E5D39FDC}.Release|Any CPU.Build.0 = Release|Any CPU
	EndGlobalSection
	GlobalSection(SolutionProperties) = preSolution
		HideSolutionNode = FALSE
	EndGlobalSection
EndGlobal
